{
  "name": "iHRISCustomizable",
  "lockfileVersion": 2,
  "requires": true,
  "packages": {
    "": {
      "dependencies": {
        "ihrissmartrequire": "^1.0.0"
      }
    },
    "node_modules/ihrissmartrequire": {
      "version": "1.0.0",
      "resolved": "https://registry.npmjs.org/ihrissmartrequire/-/ihrissmartrequire-1.0.0.tgz",
      "integrity": "sha512-oZFd4yfZ0zGFAf9TILvI69MYq3w1ckwIBk2vlKxX0c0xRZhbI9CeIQZshf7bxqpQD1MmeM+CD40cM+tqclGjgA=="
    }
  },
  "dependencies": {
    "ihrissmartrequire": {
      "version": "1.0.0",
      "resolved": "https://registry.npmjs.org/ihrissmartrequire/-/ihrissmartrequire-1.0.0.tgz",
      "integrity": "sha512-oZFd4yfZ0zGFAf9TILvI69MYq3w1ckwIBk2vlKxX0c0xRZhbI9CeIQZshf7bxqpQD1MmeM+CD40cM+tqclGjgA=="
    }
  }
}
